
Microsoft Visual Studio Solution File, Format Version 12.00
# Visual Studio 2012
Project("{FAE04EC0-301F-11D3-BF4B-00C04F79EFBC}") = "practicaEsqueletoCompleto2", "practicaEsqueletoCompleto2\practicaEsqueletoCompleto2.csproj", "{B1E543BB-170C-49DD-8561-B2E57DD8F6D2}"
EndProject
Global
	GlobalSection(SolutionConfigurationPlatforms) = preSolution
		Debug|Any CPU = Debug|Any CPU
		Release|Any CPU = Release|Any CPU
	EndGlobalSection
	GlobalSection(ProjectConfigurationPlatforms) = postSolution
		{B1E543BB-170C-49DD-8561-B2E57DD8F6D2}.Debug|Any CPU.ActiveCfg = Debug|Any CPU
		{B1E543BB-170C-49DD-8561-B2E57DD8F6D2}.Debug|Any CPU.Build.0 = Debug|Any CPU
		{B1E543BB-170C-49DD-8561-B2E57DD8F6D2}.Release|Any CPU.ActiveCfg = Release|Any CPU
		{B1E543BB-170C-49DD-8561-B2E57DD8F6D2}.Release|Any CPU.Build.0 = Release|Any CPU
	EndGlobalSection
	GlobalSection(SolutionProperties) = preSolution
		HideSolutionNode = FALSE
	EndGlobalSection
EndGlobal
