
Microsoft Visual Studio Solution File, Format Version 12.00
# Visual Studio 2012
Project("{FAE04EC0-301F-11D3-BF4B-00C04F79EFBC}") = "ControlesDelToolkit", "ControlesDelToolkit\ControlesDelToolkit.csproj", "{B32D60FF-0FE4-445C-875D-EDC033DE019F}"
EndProject
Global
	GlobalSection(SolutionConfigurationPlatforms) = preSolution
		Debug|Any CPU = Debug|Any CPU
		Release|Any CPU = Release|Any CPU
	EndGlobalSection
	GlobalSection(ProjectConfigurationPlatforms) = postSolution
		{B32D60FF-0FE4-445C-875D-EDC033DE019F}.Debug|Any CPU.ActiveCfg = Debug|Any CPU
		{B32D60FF-0FE4-445C-875D-EDC033DE019F}.Debug|Any CPU.Build.0 = Debug|Any CPU
		{B32D60FF-0FE4-445C-875D-EDC033DE019F}.Release|Any CPU.ActiveCfg = Release|Any CPU
		{B32D60FF-0FE4-445C-875D-EDC033DE019F}.Release|Any CPU.Build.0 = Release|Any CPU
	EndGlobalSection
	GlobalSection(SolutionProperties) = preSolution
		HideSolutionNode = FALSE
	EndGlobalSection
EndGlobal
